
Microsoft Visual Studio Solution File, Format Version 12.00
# Visual Studio Version 17
VisualStudioVersion = 17.0.32014.148
MinimumVisualStudioVersion = 10.0.40219.1
Project("{FAE04EC0-301F-11D3-BF4B-00C04F79EFBC}") = "HWS_EF_CRUD_CLI_App", "HWS_EF_CRUD_CLI_App.csproj", "{D89EF003-42DC-4DAF-9AA2-60D608DDE865}"
EndProject
Global
	GlobalSection(SolutionConfigurationPlatforms) = preSolution
		Debug|Any CPU = Debug|Any CPU
		Release|Any CPU = Release|Any CPU
	EndGlobalSection
	GlobalSection(ProjectConfigurationPlatforms) = postSolution
		{D89EF003-42DC-4DAF-9AA2-60D608DDE865}.Debug|Any CPU.ActiveCfg = Debug|Any CPU
		{D89EF003-42DC-4DAF-9AA2-60D608DDE865}.Debug|Any CPU.Build.0 = Debug|Any CPU
		{D89EF003-42DC-4DAF-9AA2-60D608DDE865}.Release|Any CPU.ActiveCfg = Release|Any CPU
		{D89EF003-42DC-4DAF-9AA2-60D608DDE865}.Release|Any CPU.Build.0 = Release|Any CPU
	EndGlobalSection
	GlobalSection(SolutionProperties) = preSolution
		HideSolutionNode = FALSE
	EndGlobalSection
	GlobalSection(ExtensibilityGlobals) = postSolution
		SolutionGuid = {33AB7AA9-13E8-450E-95FD-93F13210410F}
	EndGlobalSection
EndGlobal
